
Microsoft Visual Studio Solution File, Format Version 12.00
# Visual Studio Version 17
VisualStudioVersion = 17.14.36327.8 d17.14
MinimumVisualStudioVersion = 10.0.40219.1
Project("{FAE04EC0-301F-11D3-BF4B-00C04F79EFBC}") = "Kryds og Bolle", "Kryds og Bolle\Kryds og Bolle.csproj", "{96EC2100-9097-4E39-AAF7-0372F777F3CC}"
EndProject
Global
	GlobalSection(SolutionConfigurationPlatforms) = preSolution
		Debug|Any CPU = Debug|Any CPU
		Release|Any CPU = Release|Any CPU
	EndGlobalSection
	GlobalSection(ProjectConfigurationPlatforms) = postSolution
		{96EC2100-9097-4E39-AAF7-0372F777F3CC}.Debug|Any CPU.ActiveCfg = Debug|Any CPU
		{96EC2100-9097-4E39-AAF7-0372F777F3CC}.Debug|Any CPU.Build.0 = Debug|Any CPU
		{96EC2100-9097-4E39-AAF7-0372F777F3CC}.Release|Any CPU.ActiveCfg = Release|Any CPU
		{96EC2100-9097-4E39-AAF7-0372F777F3CC}.Release|Any CPU.Build.0 = Release|Any CPU
	EndGlobalSection
	GlobalSection(SolutionProperties) = preSolution
		HideSolutionNode = FALSE
	EndGlobalSection
	GlobalSection(ExtensibilityGlobals) = postSolution
		SolutionGuid = {CC0D8C78-B6E4-4228-B3BF-DBD23438774E}
	EndGlobalSection
EndGlobal
